// !$*UTF8*$!
{
	archiveVersion = 1;
	classes = {
	};
	objectVersion = 77;
	objects = {

/* Begin PBXContainerItemProxy section */
		EC0FF4D22CAF5E06000C7702 /* PBXContainerItemProxy */ = {
			isa = PBXContainerItemProxy;
			containerPortal = EC0FF4B42CAF5E05000C7702 /* Project object */;
			proxyType = 1;
			remoteGlobalIDString = EC0FF4BB2CAF5E05000C7702;
			remoteInfo = FirstAppTemplate;
		};
		EC0FF4DC2CAF5E06000C7702 /* PBXContainerItemProxy */ = {
			isa = PBXContainerItemProxy;
			containerPortal = EC0FF4B42CAF5E05000C7702 /* Project object */;
			proxyType = 1;
			remoteGlobalIDString = EC0FF4BB2CAF5E05000C7702;
			remoteInfo = FirstAppTemplate;
		};
/* End PBXContainerItemProxy section */

/* Begin PBXFileReference section */
		EC0FF4BC2CAF5E05000C7702 /* FirstAppTemplate.app */ = {isa = PBXFileReference; explicitFileType = wrapper.application; includeInIndex = 0; path = FirstAppTemplate.app; sourceTree = BUILT_PRODUCTS_DIR; };
		EC0FF4D12CAF5E06000C7702 /* FirstAppTemplateTests.xctest */ = {isa = PBXFileReference; explicitFileType = wrapper.cfbundle; includeInIndex = 0; path = FirstAppTemplateTests.xctest; sourceTree = BUILT_PRODUCTS_DIR; };
		EC0FF4DB2CAF5E06000C7702 /* FirstAppTemplateUITests.xctest */ = {isa = PBXFileReference; explicitFileType = wrapper.cfbundle; includeInIndex = 0; path = FirstAppTemplateUITests.xctest; sourceTree = BUILT_PRODUCTS_DIR; };
/* End PBXFileReference section */

/* Begin PBXFileSystemSynchronizedRootGroup section */
		EC0FF4BE2CAF5E05000C7702 /* FirstAppTemplate */ = {
			isa = PBXFileSystemSynchronizedRootGroup;
			path = FirstAppTemplate;
			sourceTree = "<group>";
		};
		EC0FF4D42CAF5E06000C7702 /* FirstAppTemplateTests */ = {
			isa = PBXFileSystemSynchronizedRootGroup;
			path = FirstAppTemplateTests;
			sourceTree = "<group>";
		};
		EC0FF4DE2CAF5E06000C7702 /* FirstAppTemplateUITests */ = {
			isa = PBXFileSystemSynchronizedRootGroup;
			path = FirstAppTemplateUITests;
			sourceTree = "<group>";
		};
/* End PBXFileSystemSynchronizedRootGroup section */

/* Begin PBXFrameworksBuildPhase section */
		EC0FF4B92CAF5E05000C7702 /* Frameworks */ = {
			isa = PBXFrameworksBuildPhase;
			buildActionMask = 2147483647;
			files = (
			);
			runOnlyForDeploymentPostprocessing = 0;
		};
		EC0FF4CE2CAF5E06000C7702 /* Frameworks */ = {
			isa = PBXFrameworksBuildPhase;
			buildActionMask = 2147483647;
			files = (
			);
			runOnlyForDeploymentPostprocessing = 0;
		};
		EC0FF4D82CAF5E06000C7702 /* Frameworks */ = {
			isa = PBXFrameworksBuildPhase;
			buildActionMask = 2147483647;
			files = (
			);
			runOnlyForDeploymentPostprocessing = 0;
		};
/* End PBXFrameworksBuildPhase section */

/* Begin PBXGroup section */
		EC0FF4B32CAF5E05000C7702 = {
			isa = PBXGroup;
			children = (
				EC0FF4BE2CAF5E05000C7702 /* FirstAppTemplate */,
				EC0FF4D42CAF5E06000C7702 /* FirstAppTemplateTests */,
				EC0FF4DE2CAF5E06000C7702 /* FirstAppTemplateUITests */,
				EC0FF4BD2CAF5E05000C7702 /* Products */,
			);
			sourceTree = "<group>";
		};
		EC0FF4BD2CAF5E05000C7702 /* Products */ = {
			isa = PBXGroup;
			children = (
				EC0FF4BC2CAF5E05000C7702 /* FirstAppTemplate.app */,
				EC0FF4D12CAF5E06000C7702 /* FirstAppTemplateTests.xctest */,
				EC0FF4DB2CAF5E06000C7702 /* FirstAppTemplateUITests.xctest */,
			);
			name = Products;
			sourceTree = "<group>";
		};
/* End PBXGroup section */

/* Begin PBXNativeTarget section */
		EC0FF4BB2CAF5E05000C7702 /* FirstAppTemplate */ = {
			isa = PBXNativeTarget;
			buildConfigurationList = EC0FF4E52CAF5E06000C7702 /* Build configuration list for PBXNativeTarget "FirstAppTemplate" */;
			buildPhases = (
				EC0FF4B82CAF5E05000C7702 /* Sources */,
				EC0FF4B92CAF5E05000C7702 /* Frameworks */,
				EC0FF4BA2CAF5E05000C7702 /* Resources */,
			);
			buildRules = (
			);
			dependencies = (
			);
			fileSystemSynchronizedGroups = (
				EC0FF4BE2CAF5E05000C7702 /* FirstAppTemplate */,
			);
			name = FirstAppTemplate;
			packageProductDependencies = (
			);
			productName = FirstAppTemplate;
			productReference = EC0FF4BC2CAF5E05000C7702 /* FirstAppTemplate.app */;
			productType = "com.apple.product-type.application";
		};
		EC0FF4D02CAF5E06000C7702 /* FirstAppTemplateTests */ = {
			isa = PBXNativeTarget;
			buildConfigurationList = EC0FF4E82CAF5E06000C7702 /* Build configuration list for PBXNativeTarget "FirstAppTemplateTests" */;
			buildPhases = (
				EC0FF4CD2CAF5E06000C7702 /* Sources */,
				EC0FF4CE2CAF5E06000C7702 /* Frameworks */,
				EC0FF4CF2CAF5E06000C7702 /* Resources */,
			);
			buildRules = (
			);
			dependencies = (
				EC0FF4D32CAF5E06000C7702 /* PBXTargetDependency */,
			);
			fileSystemSynchronizedGroups = (
				EC0FF4D42CAF5E06000C7702 /* FirstAppTemplateTests */,
			);
			name = FirstAppTemplateTests;
			packageProductDependencies = (
			);
			productName = FirstAppTemplateTests;
			productReference = EC0FF4D12CAF5E06000C7702 /* FirstAppTemplateTests.xctest */;
			productType = "com.apple.product-type.bundle.unit-test";
		};
		EC0FF4DA2CAF5E06000C7702 /* FirstAppTemplateUITests */ = {
			isa = PBXNativeTarget;
			buildConfigurationList = EC0FF4EB2CAF5E06000C7702 /* Build configuration list for PBXNativeTarget "FirstAppTemplateUITests" */;
			buildPhases = (
				EC0FF4D72CAF5E06000C7702 /* Sources */,
				EC0FF4D82CAF5E06000C7702 /* Frameworks */,
				EC0FF4D92CAF5E06000C7702 /* Resources */,
			);
			buildRules = (
			);
			dependencies = (
				EC0FF4DD2CAF5E06000C7702 /* PBXTargetDependency */,
			);
			fileSystemSynchronizedGroups = (
				EC0FF4DE2CAF5E06000C7702 /* FirstAppTemplateUITests */,
			);
			name = FirstAppTemplateUITests;
			packageProductDependencies = (
			);
			productName = FirstAppTemplateUITests;
			productReference = EC0FF4DB2CAF5E06000C7702 /* FirstAppTemplateUITests.xctest */;
			productType = "com.apple.product-type.bundle.ui-testing";
		};
/* End PBXNativeTarget section */

/* Begin PBXProject section */
		EC0FF4B42CAF5E05000C7702 /* Project object */ = {
			isa = PBXProject;
			attributes = {
				BuildIndependentTargetsInParallel = 1;
				LastSwiftUpdateCheck = 1600;
				LastUpgradeCheck = 1600;
				TargetAttributes = {
					EC0FF4BB2CAF5E05000C7702 = {
						CreatedOnToolsVersion = 16.0;
					};
					EC0FF4D02CAF5E06000C7702 = {
						CreatedOnToolsVersion = 16.0;
						TestTargetID = EC0FF4BB2CAF5E05000C7702;
					};
					EC0FF4DA2CAF5E06000C7702 = {
						CreatedOnToolsVersion = 16.0;
						TestTargetID = EC0FF4BB2CAF5E05000C7702;
					};
				};
			};
			buildConfigurationList = EC0FF4B72CAF5E05000C7702 /* Build configuration list for PBXProject "FirstAppTemplate" */;
			developmentRegion = en;
			hasScannedForEncodings = 0;
			knownRegions = (
				en,
				Base,
			);
			mainGroup = EC0FF4B32CAF5E05000C7702;
			minimizedProjectReferenceProxies = 1;
			preferredProjectObjectVersion = 77;
			productRefGroup = EC0FF4BD2CAF5E05000C7702 /* Products */;
			projectDirPath = "";
			projectRoot = "";
			targets = (
				EC0FF4BB2CAF5E05000C7702 /* FirstAppTemplate */,
				EC0FF4D02CAF5E06000C7702 /* FirstAppTemplateTests */,
				EC0FF4DA2CAF5E06000C7702 /* FirstAppTemplateUITests */,
			);
		};
/* End PBXProject section */

/* Begin PBXResourcesBuildPhase section */
		EC0FF4BA2CAF5E05000C7702 /* Resources */ = {
			isa = PBXResourcesBuildPhase;
			buildActionMask = 2147483647;
			files = (
			);
			runOnlyForDeploymentPostprocessing = 0;
		};
		EC0FF4CF2CAF5E06000C7702 /* Resources */ = {
			isa = PBXResourcesBuildPhase;
			buildActionMask = 2147483647;
			files = (
			);
			runOnlyForDeploymentPostprocessing = 0;
		};
		EC0FF4D92CAF5E06000C7702 /* Resources */ = {
			isa = PBXResourcesBuildPhase;
			buildActionMask = 2147483647;
			files = (
			);
			runOnlyForDeploymentPostprocessing = 0;
		};
/* End PBXResourcesBuildPhase section */

/* Begin PBXSourcesBuildPhase section */
		EC0FF4B82CAF5E05000C7702 /* Sources */ = {
			isa = PBXSourcesBuildPhase;
			buildActionMask = 2147483647;
			files = (
			);
			runOnlyForDeploymentPostprocessing = 0;
		};
		EC0FF4CD2CAF5E06000C7702 /* Sources */ = {
			isa = PBXSourcesBuildPhase;
			buildActionMask = 2147483647;
			files = (
			);
			runOnlyForDeploymentPostprocessing = 0;
		};
		EC0FF4D72CAF5E06000C7702 /* Sources */ = {
			isa = PBXSourcesBuildPhase;
			buildActionMask = 2147483647;
			files = (
			);
			runOnlyForDeploymentPostprocessing = 0;
		};
/* End PBXSourcesBuildPhase section */

/* Begin PBXTargetDependency section */
		EC0FF4D32CAF5E06000C7702 /* PBXTargetDependency */ = {
			isa = PBXTargetDependency;
			target = EC0FF4BB2CAF5E05000C7702 /* FirstAppTemplate */;
			targetProxy = EC0FF4D22CAF5E06000C7702 /* PBXContainerItemProxy */;
		};
		EC0FF4DD2CAF5E06000C7702 /* PBXTargetDependency */ = {
			isa = PBXTargetDependency;
			target = EC0FF4BB2CAF5E05000C7702 /* FirstAppTemplate */;
			targetProxy = EC0FF4DC2CAF5E06000C7702 /* PBXContainerItemProxy */;
		};
/* End PBXTargetDependency section */

/* Begin XCBuildConfiguration section */
		EC0FF4E32CAF5E06000C7702 /* Debug */ = {
			isa = XCBuildConfiguration;
			buildSettings = {
				ALWAYS_SEARCH_USER_PATHS = NO;
				ASSETCATALOG_COMPILER_GENERATE_SWIFT_ASSET_SYMBOL_EXTENSIONS = YES;
				CLANG_ANALYZER_NONNULL = YES;
				CLANG_ANALYZER_NUMBER_OBJECT_CONVERSION = YES_AGGRESSIVE;
				CLANG_CXX_LANGUAGE_STANDARD = "gnu++20";
				CLANG_ENABLE_MODULES = YES;
				CLANG_ENABLE_OBJC_ARC = YES;
				CLANG_ENABLE_OBJC_WEAK = YES;
				CLANG_WARN_BLOCK_CAPTURE_AUTORELEASING = YES;
				CLANG_WARN_BOOL_CONVERSION = YES;
				CLANG_WARN_COMMA = YES;
				CLANG_WARN_CONSTANT_CONVERSION = YES;
				CLANG_WARN_DEPRECATED_OBJC_IMPLEMENTATIONS = YES;
				CLANG_WARN_DIRECT_OBJC_ISA_USAGE = YES_ERROR;
				CLANG_WARN_DOCUMENTATION_COMMENTS = YES;
				CLANG_WARN_EMPTY_BODY = YES;
				CLANG_WARN_ENUM_CONVERSION = YES;
				CLANG_WARN_INFINITE_RECURSION = YES;
				CLANG_WARN_INT_CONVERSION = YES;
				CLANG_WARN_NON_LITERAL_NULL_CONVERSION = YES;
				CLANG_WARN_OBJC_IMPLICIT_RETAIN_SELF = YES;
				CLANG_WARN_OBJC_LITERAL_CONVERSION = YES;
				CLANG_WARN_OBJC_ROOT_CLASS = YES_ERROR;
				CLANG_WARN_QUOTED_INCLUDE_IN_FRAMEWORK_HEADER = YES;
				CLANG_WARN_RANGE_LOOP_ANALYSIS = YES;
				CLANG_WARN_STRICT_PROTOTYPES = YES;
				CLANG_WARN_SUSPICIOUS_MOVE = YES;
				CLANG_WARN_UNGUARDED_AVAILABILITY = YES_AGGRESSIVE;
				CLANG_WARN_UNREACHABLE_CODE = YES;
				CLANG_WARN__DUPLICATE_METHOD_MATCH = YES;
				COPY_PHASE_STRIP = NO;
				DEBUG_INFORMATION_FORMAT = dwarf;
				ENABLE_STRICT_OBJC_MSGSEND = YES;
				ENABLE_TESTABILITY = YES;
				ENABLE_USER_SCRIPT_SANDBOXING = YES;
				GCC_C_LANGUAGE_STANDARD = gnu17;
				GCC_DYNAMIC_NO_PIC = NO;
				GCC_NO_COMMON_BLOCKS = YES;
				GCC_OPTIMIZATION_LEVEL = 0;
				GCC_PREPROCESSOR_DEFINITIONS = (
					"DEBUG=1",
					"$(inherited)",
				);
				GCC_WARN_64_TO_32_BIT_CONVERSION = YES;
				GCC_WARN_ABOUT_RETURN_TYPE = YES_ERROR;
				GCC_WARN_UNDECLARED_SELECTOR = YES;
				GCC_WARN_UNINITIALIZED_AUTOS = YES_AGGRESSIVE;
				GCC_WARN_UNUSED_FUNCTION = YES;
				GCC_WARN_UNUSED_VARIABLE = YES;
				IPHONEOS_DEPLOYMENT_TARGET = 18.0;
				LOCALIZATION_PREFERS_STRING_CATALOGS = YES;
				MTL_ENABLE_DEBUG_INFO = INCLUDE_SOURCE;
				MTL_FAST_MATH = YES;
				ONLY_ACTIVE_ARCH = YES;
				SDKROOT = iphoneos;
				SWIFT_ACTIVE_COMPILATION_CONDITIONS = "DEBUG $(inherited)";
				SWIFT_OPTIMIZATION_LEVEL = "-Onone";
			};
			name = Debug;
		};
		EC0FF4E42CAF5E06000C7702 /* Release */ = {
			isa = XCBuildConfiguration;
			buildSettings = {
				ALWAYS_SEARCH_USER_PATHS = NO;
				ASSETCATALOG_COMPILER_GENERATE_SWIFT_ASSET_SYMBOL_EXTENSIONS = YES;
				CLANG_ANALYZER_NONNULL = YES;
				CLANG_ANALYZER_NUMBER_OBJECT_CONVERSION = YES_AGGRESSIVE;
				CLANG_CXX_LANGUAGE_STANDARD = "gnu++20";
				CLANG_ENABLE_MODULES = YES;
				CLANG_ENABLE_OBJC_ARC = YES;
				CLANG_ENABLE_OBJC_WEAK = YES;
				CLANG_WARN_BLOCK_CAPTURE_AUTORELEASING = YES;
				CLANG_WARN_BOOL_CONVERSION = YES;
				CLANG_WARN_COMMA = YES;
				CLANG_WARN_CONSTANT_CONVERSION = YES;
				CLANG_WARN_DEPRECATED_OBJC_IMPLEMENTATIONS = YES;
				CLANG_WARN_DIRECT_OBJC_ISA_USAGE = YES_ERROR;
				CLANG_WARN_DOCUMENTATION_COMMENTS = YES;
				CLANG_WARN_EMPTY_BODY = YES;
				CLANG_WARN_ENUM_CONVERSION = YES;
				CLANG_WARN_INFINITE_RECURSION = YES;
				CLANG_WARN_INT_CONVERSION = YES;
				CLANG_WARN_NON_LITERAL_NULL_CONVERSION = YES;
				CLANG_WARN_OBJC_IMPLICIT_RETAIN_SELF = YES;
				CLANG_WARN_OBJC_LITERAL_CONVERSION = YES;
				CLANG_WARN_OBJC_ROOT_CLASS = YES_ERROR;
				CLANG_WARN_QUOTED_INCLUDE_IN_FRAMEWORK_HEADER = YES;
				CLANG_WARN_RANGE_LOOP_ANALYSIS = YES;
				CLANG_WARN_STRICT_PROTOTYPES = YES;
				CLANG_WARN_SUSPICIOUS_MOVE = YES;
				CLANG_WARN_UNGUARDED_AVAILABILITY = YES_AGGRESSIVE;
				CLANG_WARN_UNREACHABLE_CODE = YES;
				CLANG_WARN__DUPLICATE_METHOD_MATCH = YES;
				COPY_PHASE_STRIP = NO;
				DEBUG_INFORMATION_FORMAT = "dwarf-with-dsym";
				ENABLE_NS_ASSERTIONS = NO;
				ENABLE_STRICT_OBJC_MSGSEND = YES;
				ENABLE_USER_SCRIPT_SANDBOXING = YES;
				GCC_C_LANGUAGE_STANDARD = gnu17;
				GCC_NO_COMMON_BLOCKS = YES;
				GCC_WARN_64_TO_32_BIT_CONVERSION = YES;
				GCC_WARN_ABOUT_RETURN_TYPE = YES_ERROR;
				GCC_WARN_UNDECLARED_SELECTOR = YES;
				GCC_WARN_UNINITIALIZED_AUTOS = YES_AGGRESSIVE;
				GCC_WARN_UNUSED_FUNCTION = YES;
				GCC_WARN_UNUSED_VARIABLE = YES;
				IPHONEOS_DEPLOYMENT_TARGET = 18.0;
				LOCALIZATION_PREFERS_STRING_CATALOGS = YES;
				MTL_ENABLE_DEBUG_INFO = NO;
				MTL_FAST_MATH = YES;
				SDKROOT = iphoneos;
				SWIFT_COMPILATION_MODE = wholemodule;
				VALIDATE_PRODUCT = YES;
			};
			name = Release;
		};
		EC0FF4E62CAF5E06000C7702 /* Debug */ = {
			isa = XCBuildConfiguration;
			buildSettings = {
				ASSETCATALOG_COMPILER_APPICON_NAME = AppIcon;
				ASSETCATALOG_COMPILER_GLOBAL_ACCENT_COLOR_NAME = AccentColor;
				CODE_SIGN_STYLE = Automatic;
				CURRENT_PROJECT_VERSION = 1;
				DEVELOPMENT_ASSET_PATHS = "\"FirstAppTemplate/Preview Content\"";
				ENABLE_PREVIEWS = YES;
				GENERATE_INFOPLIST_FILE = YES;
				INFOPLIST_KEY_UIApplicationSceneManifest_Generation = YES;
				INFOPLIST_KEY_UIApplicationSupportsIndirectInputEvents = YES;
				INFOPLIST_KEY_UILaunchScreen_Generation = YES;
				INFOPLIST_KEY_UISupportedInterfaceOrientations_iPad = "UIInterfaceOrientationPortrait UIInterfaceOrientationPortraitUpsideDown UIInterfaceOrientationLandscapeLeft UIInterfaceOrientationLandscapeRight";
				INFOPLIST_KEY_UISupportedInterfaceOrientations_iPhone = "UIInterfaceOrientationPortrait UIInterfaceOrientationLandscapeLeft UIInterfaceOrientationLandscapeRight";
				LD_RUNPATH_SEARCH_PATHS = (
					"$(inherited)",
					"@executable_path/Frameworks",
				);
				MARKETING_VERSION = 1.0;
				PRODUCT_BUNDLE_IDENTIFIER = Self.FirstAppTemplate;
				PRODUCT_NAME = "$(TARGET_NAME)";
				SWIFT_EMIT_LOC_STRINGS = YES;
				SWIFT_VERSION = 5.0;
				TARGETED_DEVICE_FAMILY = "1,2";
			};
			name = Debug;
		};
		EC0FF4E72CAF5E06000C7702 /* Release */ = {
			isa = XCBuildConfiguration;
			buildSettings = {
				ASSETCATALOG_COMPILER_APPICON_NAME = AppIcon;
				ASSETCATALOG_COMPILER_GLOBAL_ACCENT_COLOR_NAME = AccentColor;
				CODE_SIGN_STYLE = Automatic;
				CURRENT_PROJECT_VERSION = 1;
				DEVELOPMENT_ASSET_PATHS = "\"FirstAppTemplate/Preview Content\"";
				ENABLE_PREVIEWS = YES;
				GENERATE_INFOPLIST_FILE = YES;
				INFOPLIST_KEY_UIApplicationSceneManifest_Generation = YES;
				INFOPLIST_KEY_UIApplicationSupportsIndirectInputEvents = YES;
				INFOPLIST_KEY_UILaunchScreen_Generation = YES;
				INFOPLIST_KEY_UISupportedInterfaceOrientations_iPad = "UIInterfaceOrientationPortrait UIInterfaceOrientationPortraitUpsideDown UIInterfaceOrientationLandscapeLeft UIInterfaceOrientationLandscapeRight";
				INFOPLIST_KEY_UISupportedInterfaceOrientations_iPhone = "UIInterfaceOrientationPortrait UIInterfaceOrientationLandscapeLeft UIInterfaceOrientationLandscapeRight";
				LD_RUNPATH_SEARCH_PATHS = (
					"$(inherited)",
					"@executable_path/Frameworks",
				);
				MARKETING_VERSION = 1.0;
				PRODUCT_BUNDLE_IDENTIFIER = Self.FirstAppTemplate;
				PRODUCT_NAME = "$(TARGET_NAME)";
				SWIFT_EMIT_LOC_STRINGS = YES;
				SWIFT_VERSION = 5.0;
				TARGETED_DEVICE_FAMILY = "1,2";
			};
			name = Release;
		};
		EC0FF4E92CAF5E06000C7702 /* Debug */ = {
			isa = XCBuildConfiguration;
			buildSettings = {
				BUNDLE_LOADER = "$(TEST_HOST)";
				CODE_SIGN_STYLE = Automatic;
				CURRENT_PROJECT_VERSION = 1;
				GENERATE_INFOPLIST_FILE = YES;
				IPHONEOS_DEPLOYMENT_TARGET = 18.0;
				MARKETING_VERSION = 1.0;
				PRODUCT_BUNDLE_IDENTIFIER = Self.FirstAppTemplateTests;
				PRODUCT_NAME = "$(TARGET_NAME)";
				SWIFT_EMIT_LOC_STRINGS = NO;
				SWIFT_VERSION = 5.0;
				TARGETED_DEVICE_FAMILY = "1,2";
				TEST_HOST = "$(BUILT_PRODUCTS_DIR)/FirstAppTemplate.app/$(BUNDLE_EXECUTABLE_FOLDER_PATH)/FirstAppTemplate";
			};
			name = Debug;
		};
		EC0FF4EA2CAF5E06000C7702 /* Release */ = {
			isa = XCBuildConfiguration;
			buildSettings = {
				BUNDLE_LOADER = "$(TEST_HOST)";
				CODE_SIGN_STYLE = Automatic;
				CURRENT_PROJECT_VERSION = 1;
				GENERATE_INFOPLIST_FILE = YES;
				IPHONEOS_DEPLOYMENT_TARGET = 18.0;
				MARKETING_VERSION = 1.0;
				PRODUCT_BUNDLE_IDENTIFIER = Self.FirstAppTemplateTests;
				PRODUCT_NAME = "$(TARGET_NAME)";
				SWIFT_EMIT_LOC_STRINGS = NO;
				SWIFT_VERSION = 5.0;
				TARGETED_DEVICE_FAMILY = "1,2";
				TEST_HOST = "$(BUILT_PRODUCTS_DIR)/FirstAppTemplate.app/$(BUNDLE_EXECUTABLE_FOLDER_PATH)/FirstAppTemplate";
			};
			name = Release;
		};
		EC0FF4EC2CAF5E06000C7702 /* Debug */ = {
			isa = XCBuildConfiguration;
			buildSettings = {
				CODE_SIGN_STYLE = Automatic;
				CURRENT_PROJECT_VERSION = 1;
				GENERATE_INFOPLIST_FILE = YES;
				MARKETING_VERSION = 1.0;
				PRODUCT_BUNDLE_IDENTIFIER = Self.FirstAppTemplateUITests;
				PRODUCT_NAME = "$(TARGET_NAME)";
				SWIFT_EMIT_LOC_STRINGS = NO;
				SWIFT_VERSION = 5.0;
				TARGETED_DEVICE_FAMILY = "1,2";
				TEST_TARGET_NAME = FirstAppTemplate;
			};
			name = Debug;
		};
		EC0FF4ED2CAF5E06000C7702 /* Release */ = {
			isa = XCBuildConfiguration;
			buildSettings = {
				CODE_SIGN_STYLE = Automatic;
				CURRENT_PROJECT_VERSION = 1;
				GENERATE_INFOPLIST_FILE = YES;
				MARKETING_VERSION = 1.0;
				PRODUCT_BUNDLE_IDENTIFIER = Self.FirstAppTemplateUITests;
				PRODUCT_NAME = "$(TARGET_NAME)";
				SWIFT_EMIT_LOC_STRINGS = NO;
				SWIFT_VERSION = 5.0;
				TARGETED_DEVICE_FAMILY = "1,2";
				TEST_TARGET_NAME = FirstAppTemplate;
			};
			name = Release;
		};
/* End XCBuildConfiguration section */

/* Begin XCConfigurationList section */
		EC0FF4B72CAF5E05000C7702 /* Build configuration list for PBXProject "FirstAppTemplate" */ = {
			isa = XCConfigurationList;
			buildConfigurations = (
				EC0FF4E32CAF5E06000C7702 /* Debug */,
				EC0FF4E42CAF5E06000C7702 /* Release */,
			);
			defaultConfigurationIsVisible = 0;
			defaultConfigurationName = Release;
		};
		EC0FF4E52CAF5E06000C7702 /* Build configuration list for PBXNativeTarget "FirstAppTemplate" */ = {
			isa = XCConfigurationList;
			buildConfigurations = (
				EC0FF4E62CAF5E06000C7702 /* Debug */,
				EC0FF4E72CAF5E06000C7702 /* Release */,
			);
			defaultConfigurationIsVisible = 0;
			defaultConfigurationName = Release;
		};
		EC0FF4E82CAF5E06000C7702 /* Build configuration list for PBXNativeTarget "FirstAppTemplateTests" */ = {
			isa = XCConfigurationList;
			buildConfigurations = (
				EC0FF4E92CAF5E06000C7702 /* Debug */,
				EC0FF4EA2CAF5E06000C7702 /* Release */,
			);
			defaultConfigurationIsVisible = 0;
			defaultConfigurationName = Release;
		};
		EC0FF4EB2CAF5E06000C7702 /* Build configuration list for PBXNativeTarget "FirstAppTemplateUITests" */ = {
			isa = XCConfigurationList;
			buildConfigurations = (
				EC0FF4EC2CAF5E06000C7702 /* Debug */,
				EC0FF4ED2CAF5E06000C7702 /* Release */,
			);
			defaultConfigurationIsVisible = 0;
			defaultConfigurationName = Release;
		};
/* End XCConfigurationList section */
	};
	rootObject = EC0FF4B42CAF5E05000C7702 /* Project object */;
}
